// !$*UTF8*$!
{
	archiveVersion = 1;
	classes = {
	};
	objectVersion = 48;
	objects = {

/* Begin PBXBuildFile section */
		F628027B1F7EACD900ABEE7B /* AppDelegate.swift in Sources */ = {isa = PBXBuildFile; fileRef = F628027A1F7EACD900ABEE7B /* AppDelegate.swift */; };
		F62802801F7EACD900ABEE7B /* Main.storyboard in Resources */ = {isa = PBXBuildFile; fileRef = F628027E1F7EACD900ABEE7B /* Main.storyboard */; };
		F62802821F7EACD900ABEE7B /* Assets.xcassets in Resources */ = {isa = PBXBuildFile; fileRef = F62802811F7EACD900ABEE7B /* Assets.xcassets */; };
		F62802851F7EACD900ABEE7B /* LaunchScreen.storyboard in Resources */ = {isa = PBXBuildFile; fileRef = F62802831F7EACD900ABEE7B /* LaunchScreen.storyboard */; };
		F628028D1F7EAD0900ABEE7B /* CollectionViewController.swift in Sources */ = {isa = PBXBuildFile; fileRef = F628028C1F7EAD0900ABEE7B /* CollectionViewController.swift */; };
/* End PBXBuildFile section */

/* Begin PBXFileReference section */
		F62802771F7EACD900ABEE7B /* IndicatorUnderSectionHeader.app */ = {isa = PBXFileReference; explicitFileType = wrapper.application; includeInIndex = 0; path = IndicatorUnderSectionHeader.app; sourceTree = BUILT_PRODUCTS_DIR; };
		F628027A1F7EACD900ABEE7B /* AppDelegate.swift */ = {isa = PBXFileReference; lastKnownFileType = sourcecode.swift; path = AppDelegate.swift; sourceTree = "<group>"; };
		F628027F1F7EACD900ABEE7B /* Base */ = {isa = PBXFileReference; lastKnownFileType = file.storyboard; name = Base; path = Base.lproj/Main.storyboard; sourceTree = "<group>"; };
		F62802811F7EACD900ABEE7B /* Assets.xcassets */ = {isa = PBXFileReference; lastKnownFileType = folder.assetcatalog; path = Assets.xcassets; sourceTree = "<group>"; };
		F62802841F7EACD900ABEE7B /* Base */ = {isa = PBXFileReference; lastKnownFileType = file.storyboard; name = Base; path = Base.lproj/LaunchScreen.storyboard; sourceTree = "<group>"; };
		F62802861F7EACD900ABEE7B /* Info.plist */ = {isa = PBXFileReference; lastKnownFileType = text.plist.xml; path = Info.plist; sourceTree = "<group>"; };
		F628028C1F7EAD0900ABEE7B /* CollectionViewController.swift */ = {isa = PBXFileReference; lastKnownFileType = sourcecode.swift; path = CollectionViewController.swift; sourceTree = "<group>"; };
/* End PBXFileReference section */

/* Begin PBXFrameworksBuildPhase section */
		F62802741F7EACD900ABEE7B /* Frameworks */ = {
			isa = PBXFrameworksBuildPhase;
			buildActionMask = 2147483647;
			files = (
			);
			runOnlyForDeploymentPostprocessing = 0;
		};
/* End PBXFrameworksBuildPhase section */

/* Begin PBXGroup section */
		F628026E1F7EACD900ABEE7B = {
			isa = PBXGroup;
			children = (
				F62802791F7EACD900ABEE7B /* IndicatorUnderSectionHeader */,
				F62802781F7EACD900ABEE7B /* Products */,
			);
			sourceTree = "<group>";
		};
		F62802781F7EACD900ABEE7B /* Products */ = {
			isa = PBXGroup;
			children = (
				F62802771F7EACD900ABEE7B /* IndicatorUnderSectionHeader.app */,
			);
			name = Products;
			sourceTree = "<group>";
		};
		F62802791F7EACD900ABEE7B /* IndicatorUnderSectionHeader */ = {
			isa = PBXGroup;
			children = (
				F628027A1F7EACD900ABEE7B /* AppDelegate.swift */,
				F628027E1F7EACD900ABEE7B /* Main.storyboard */,
				F628028C1F7EAD0900ABEE7B /* CollectionViewController.swift */,
				F62802811F7EACD900ABEE7B /* Assets.xcassets */,
				F62802831F7EACD900ABEE7B /* LaunchScreen.storyboard */,
				F62802861F7EACD900ABEE7B /* Info.plist */,
			);
			path = IndicatorUnderSectionHeader;
			sourceTree = "<group>";
		};
/* End PBXGroup section */

/* Begin PBXNativeTarget section */
		F62802761F7EACD900ABEE7B /* IndicatorUnderSectionHeader */ = {
			isa = PBXNativeTarget;
			buildConfigurationList = F62802891F7EACD900ABEE7B /* Build configuration list for PBXNativeTarget "IndicatorUnderSectionHeader" */;
			buildPhases = (
				F62802731F7EACD900ABEE7B /* Sources */,
				F62802741F7EACD900ABEE7B /* Frameworks */,
				F62802751F7EACD900ABEE7B /* Resources */,
			);
			buildRules = (
			);
			dependencies = (
			);
			name = IndicatorUnderSectionHeader;
			productName = IndicatorUnderSectionHeader;
			productReference = F62802771F7EACD900ABEE7B /* IndicatorUnderSectionHeader.app */;
			productType = "com.apple.product-type.application";
		};
/* End PBXNativeTarget section */

/* Begin PBXProject section */
		F628026F1F7EACD900ABEE7B /* Project object */ = {
			isa = PBXProject;
			attributes = {
				LastSwiftUpdateCheck = 0900;
				LastUpgradeCheck = 0900;
				ORGANIZATIONNAME = "Laurent Shala";
				TargetAttributes = {
					F62802761F7EACD900ABEE7B = {
						CreatedOnToolsVersion = 9.0;
						ProvisioningStyle = Automatic;
					};
				};
			};
			buildConfigurationList = F62802721F7EACD900ABEE7B /* Build configuration list for PBXProject "IndicatorUnderSectionHeader" */;
			compatibilityVersion = "Xcode 8.0";
			developmentRegion = en;
			hasScannedForEncodings = 0;
			knownRegions = (
				en,
				Base,
			);
			mainGroup = F628026E1F7EACD900ABEE7B;
			productRefGroup = F62802781F7EACD900ABEE7B /* Products */;
			projectDirPath = "";
			projectRoot = "";
			targets = (
				F62802761F7EACD900ABEE7B /* IndicatorUnderSectionHeader */,
			);
		};
/* End PBXProject section */

/* Begin PBXResourcesBuildPhase section */
		F62802751F7EACD900ABEE7B /* Resources */ = {
			isa = PBXResourcesBuildPhase;
			buildActionMask = 2147483647;
			files = (
				F62802851F7EACD900ABEE7B /* LaunchScreen.storyboard in Resources */,
				F62802821F7EACD900ABEE7B /* Assets.xcassets in Resources */,
				F62802801F7EACD900ABEE7B /* Main.storyboard in Resources */,
			);
			runOnlyForDeploymentPostprocessing = 0;
		};
/* End PBXResourcesBuildPhase section */

/* Begin PBXSourcesBuildPhase section */
		F62802731F7EACD900ABEE7B /* Sources */ = {
			isa = PBXSourcesBuildPhase;
			buildActionMask = 2147483647;
			files = (
				F628028D1F7EAD0900ABEE7B /* CollectionViewController.swift in Sources */,
				F628027B1F7EACD900ABEE7B /* AppDelegate.swift in Sources */,
			);
			runOnlyForDeploymentPostprocessing = 0;
		};
/* End PBXSourcesBuildPhase section */

/* Begin PBXVariantGroup section */
		F628027E1F7EACD900ABEE7B /* Main.storyboard */ = {
			isa = PBXVariantGroup;
			children = (
				F628027F1F7EACD900ABEE7B /* Base */,
			);
			name = Main.storyboard;
			sourceTree = "<group>";
		};
		F62802831F7EACD900ABEE7B /* LaunchScreen.storyboard */ = {
			isa = PBXVariantGroup;
			children = (
				F62802841F7EACD900ABEE7B /* Base */,
			);
			name = LaunchScreen.storyboard;
			sourceTree = "<group>";
		};
/* End PBXVariantGroup section */

/* Begin XCBuildConfiguration section */
		F62802871F7EACD900ABEE7B /* Debug */ = {
			isa = XCBuildConfiguration;
			buildSettings = {
				ALWAYS_SEARCH_USER_PATHS = NO;
				CLANG_ANALYZER_NONNULL = YES;
				CLANG_ANALYZER_NUMBER_OBJECT_CONVERSION = YES_AGGRESSIVE;
				CLANG_CXX_LANGUAGE_STANDARD = "gnu++14";
				CLANG_CXX_LIBRARY = "libc++";
				CLANG_ENABLE_MODULES = YES;
				CLANG_ENABLE_OBJC_ARC = YES;
				CLANG_WARN_BLOCK_CAPTURE_AUTORELEASING = YES;
				CLANG_WARN_BOOL_CONVERSION = YES;
				CLANG_WARN_COMMA = YES;
				CLANG_WARN_CONSTANT_CONVERSION = YES;
				CLANG_WARN_DIRECT_OBJC_ISA_USAGE = YES_ERROR;
				CLANG_WARN_DOCUMENTATION_COMMENTS = YES;
				CLANG_WARN_EMPTY_BODY = YES;
				CLANG_WARN_ENUM_CONVERSION = YES;
				CLANG_WARN_INFINITE_RECURSION = YES;
				CLANG_WARN_INT_CONVERSION = YES;
				CLANG_WARN_NON_LITERAL_NULL_CONVERSION = YES;
				CLANG_WARN_OBJC_LITERAL_CONVERSION = YES;
				CLANG_WARN_OBJC_ROOT_CLASS = YES_ERROR;
				CLANG_WARN_RANGE_LOOP_ANALYSIS = YES;
				CLANG_WARN_STRICT_PROTOTYPES = YES;
				CLANG_WARN_SUSPICIOUS_MOVE = YES;
				CLANG_WARN_UNGUARDED_AVAILABILITY = YES_AGGRESSIVE;
				CLANG_WARN_UNREACHABLE_CODE = YES;
				CLANG_WARN__DUPLICATE_METHOD_MATCH = YES;
				CODE_SIGN_IDENTITY = "iPhone Developer";
				COPY_PHASE_STRIP = NO;
				DEBUG_INFORMATION_FORMAT = dwarf;
				ENABLE_STRICT_OBJC_MSGSEND = YES;
				ENABLE_TESTABILITY = YES;
				GCC_C_LANGUAGE_STANDARD = gnu11;
				GCC_DYNAMIC_NO_PIC = NO;
				GCC_NO_COMMON_BLOCKS = YES;
				GCC_OPTIMIZATION_LEVEL = 0;
				GCC_PREPROCESSOR_DEFINITIONS = (
					"DEBUG=1",
					"$(inherited)",
				);
				GCC_WARN_64_TO_32_BIT_CONVERSION = YES;
				GCC_WARN_ABOUT_RETURN_TYPE = YES_ERROR;
				GCC_WARN_UNDECLARED_SELECTOR = YES;
				GCC_WARN_UNINITIALIZED_AUTOS = YES_AGGRESSIVE;
				GCC_WARN_UNUSED_FUNCTION = YES;
				GCC_WARN_UNUSED_VARIABLE = YES;
				IPHONEOS_DEPLOYMENT_TARGET = 11.0;
				MTL_ENABLE_DEBUG_INFO = YES;
				ONLY_ACTIVE_ARCH = YES;
				SDKROOT = iphoneos;
				SWIFT_ACTIVE_COMPILATION_CONDITIONS = DEBUG;
				SWIFT_OPTIMIZATION_LEVEL = "-Onone";
			};
			name = Debug;
		};
		F62802881F7EACD900ABEE7B /* Release */ = {
			isa = XCBuildConfiguration;
			buildSettings = {
				ALWAYS_SEARCH_USER_PATHS = NO;
				CLANG_ANALYZER_NONNULL = YES;
				CLANG_ANALYZER_NUMBER_OBJECT_CONVERSION = YES_AGGRESSIVE;
				CLANG_CXX_LANGUAGE_STANDARD = "gnu++14";
				CLANG_CXX_LIBRARY = "libc++";
				CLANG_ENABLE_MODULES = YES;
				CLANG_ENABLE_OBJC_ARC = YES;
				CLANG_WARN_BLOCK_CAPTURE_AUTORELEASING = YES;
				CLANG_WARN_BOOL_CONVERSION = YES;
				CLANG_WARN_COMMA = YES;
				CLANG_WARN_CONSTANT_CONVERSION = YES;
				CLANG_WARN_DIRECT_OBJC_ISA_USAGE = YES_ERROR;
				CLANG_WARN_DOCUMENTATION_COMMENTS = YES;
				CLANG_WARN_EMPTY_BODY = YES;
				CLANG_WARN_ENUM_CONVERSION = YES;
				CLANG_WARN_INFINITE_RECURSION = YES;
				CLANG_WARN_INT_CONVERSION = YES;
				CLANG_WARN_NON_LITERAL_NULL_CONVERSION = YES;
				CLANG_WARN_OBJC_LITERAL_CONVERSION = YES;
				CLANG_WARN_OBJC_ROOT_CLASS = YES_ERROR;
				CLANG_WARN_RANGE_LOOP_ANALYSIS = YES;
				CLANG_WARN_STRICT_PROTOTYPES = YES;
				CLANG_WARN_SUSPICIOUS_MOVE = YES;
				CLANG_WARN_UNGUARDED_AVAILABILITY = YES_AGGRESSIVE;
				CLANG_WARN_UNREACHABLE_CODE = YES;
				CLANG_WARN__DUPLICATE_METHOD_MATCH = YES;
				CODE_SIGN_IDENTITY = "iPhone Developer";
				COPY_PHASE_STRIP = NO;
				DEBUG_INFORMATION_FORMAT = "dwarf-with-dsym";
				ENABLE_NS_ASSERTIONS = NO;
				ENABLE_STRICT_OBJC_MSGSEND = YES;
				GCC_C_LANGUAGE_STANDARD = gnu11;
				GCC_NO_COMMON_BLOCKS = YES;
				GCC_WARN_64_TO_32_BIT_CONVERSION = YES;
				GCC_WARN_ABOUT_RETURN_TYPE = YES_ERROR;
				GCC_WARN_UNDECLARED_SELECTOR = YES;
				GCC_WARN_UNINITIALIZED_AUTOS = YES_AGGRESSIVE;
				GCC_WARN_UNUSED_FUNCTION = YES;
				GCC_WARN_UNUSED_VARIABLE = YES;
				IPHONEOS_DEPLOYMENT_TARGET = 11.0;
				MTL_ENABLE_DEBUG_INFO = NO;
				SDKROOT = iphoneos;
				SWIFT_OPTIMIZATION_LEVEL = "-Owholemodule";
				VALIDATE_PRODUCT = YES;
			};
			name = Release;
		};
		F628028A1F7EACD900ABEE7B /* Debug */ = {
			isa = XCBuildConfiguration;
			buildSettings = {
				ASSETCATALOG_COMPILER_APPICON_NAME = AppIcon;
				CODE_SIGN_STYLE = Automatic;
				DEVELOPMENT_TEAM = 56BZK6T4P5;
				INFOPLIST_FILE = IndicatorUnderSectionHeader/Info.plist;
				LD_RUNPATH_SEARCH_PATHS = "$(inherited) @executable_path/Frameworks";
				PRODUCT_BUNDLE_IDENTIFIER = com.laurentshala.swift.IndicatorUnderSectionHeader;
				PRODUCT_NAME = "$(TARGET_NAME)";
				SWIFT_VERSION = 4.0;
				TARGETED_DEVICE_FAMILY = "1,2";
			};
			name = Debug;
		};
		F628028B1F7EACD900ABEE7B /* Release */ = {
			isa = XCBuildConfiguration;
			buildSettings = {
				ASSETCATALOG_COMPILER_APPICON_NAME = AppIcon;
				CODE_SIGN_STYLE = Automatic;
				DEVELOPMENT_TEAM = 56BZK6T4P5;
				INFOPLIST_FILE = IndicatorUnderSectionHeader/Info.plist;
				LD_RUNPATH_SEARCH_PATHS = "$(inherited) @executable_path/Frameworks";
				PRODUCT_BUNDLE_IDENTIFIER = com.laurentshala.swift.IndicatorUnderSectionHeader;
				PRODUCT_NAME = "$(TARGET_NAME)";
				SWIFT_VERSION = 4.0;
				TARGETED_DEVICE_FAMILY = "1,2";
			};
			name = Release;
		};
/* End XCBuildConfiguration section */

/* Begin XCConfigurationList section */
		F62802721F7EACD900ABEE7B /* Build configuration list for PBXProject "IndicatorUnderSectionHeader" */ = {
			isa = XCConfigurationList;
			buildConfigurations = (
				F62802871F7EACD900ABEE7B /* Debug */,
				F62802881F7EACD900ABEE7B /* Release */,
			);
			defaultConfigurationIsVisible = 0;
			defaultConfigurationName = Release;
		};
		F62802891F7EACD900ABEE7B /* Build configuration list for PBXNativeTarget "IndicatorUnderSectionHeader" */ = {
			isa = XCConfigurationList;
			buildConfigurations = (
				F628028A1F7EACD900ABEE7B /* Debug */,
				F628028B1F7EACD900ABEE7B /* Release */,
			);
			defaultConfigurationIsVisible = 0;
			defaultConfigurationName = Release;
		};
/* End XCConfigurationList section */
	};
	rootObject = F628026F1F7EACD900ABEE7B /* Project object */;
}
